
Microsoft Visual Studio Solution File, Format Version 12.00
# Visual Studio Version 16
VisualStudioVersion = 16.0.30804.86
MinimumVisualStudioVersion = 10.0.40219.1
Project("{9A19103F-16F7-4668-BE54-9A1E7A4F7556}") = "UnitTestGranularityDemo", "UnitTestGranularityDemo\UnitTestGranularityDemo.csproj", "{F03234EB-FB81-423F-A21A-EEA935222F97}"
EndProject
Project("{FAE04EC0-301F-11D3-BF4B-00C04F79EFBC}") = "UnitTestGranularityDemo.Tests", "UnitTestGranularityDemo.Tests\UnitTestGranularityDemo.Tests.csproj", "{2D914E7D-CBC8-4117-9AF1-A944E7991905}"
EndProject
Global
	GlobalSection(SolutionConfigurationPlatforms) = preSolution
		Debug|Any CPU = Debug|Any CPU
		Release|Any CPU = Release|Any CPU
	EndGlobalSection
	GlobalSection(ProjectConfigurationPlatforms) = postSolution
		{F03234EB-FB81-423F-A21A-EEA935222F97}.Debug|Any CPU.ActiveCfg = Debug|Any CPU
		{F03234EB-FB81-423F-A21A-EEA935222F97}.Debug|Any CPU.Build.0 = Debug|Any CPU
		{F03234EB-FB81-423F-A21A-EEA935222F97}.Release|Any CPU.ActiveCfg = Release|Any CPU
		{F03234EB-FB81-423F-A21A-EEA935222F97}.Release|Any CPU.Build.0 = Release|Any CPU
		{2D914E7D-CBC8-4117-9AF1-A944E7991905}.Debug|Any CPU.ActiveCfg = Debug|Any CPU
		{2D914E7D-CBC8-4117-9AF1-A944E7991905}.Debug|Any CPU.Build.0 = Debug|Any CPU
		{2D914E7D-CBC8-4117-9AF1-A944E7991905}.Release|Any CPU.ActiveCfg = Release|Any CPU
		{2D914E7D-CBC8-4117-9AF1-A944E7991905}.Release|Any CPU.Build.0 = Release|Any CPU
	EndGlobalSection
	GlobalSection(SolutionProperties) = preSolution
		HideSolutionNode = FALSE
	EndGlobalSection
	GlobalSection(ExtensibilityGlobals) = postSolution
		SolutionGuid = {3CBF93C1-3DDA-40A4-A030-3330F29F67B1}
	EndGlobalSection
EndGlobal
